# THIS IS AN AUTOGENERATED FILE. DO NOT EDIT THIS FILE DIRECTLY.
# yarn lockfile v1


react-hook-form@^7.33.0:
  version "7.33.0"
  resolved "https://registry.yarnpkg.com/react-hook-form/-/react-hook-form-7.33.0.tgz#44a87ddd630f00ebeb0f15aa978f69ca74b8a77b"
  integrity sha512-h8XoeUHQs1Snx1s/sSvM+eVTSKkWQt8TcrbL+3/Rt5gugxpy4ueL5ZZkubffyNpUyyTz0qM0kwOi2c+JgGTjLA==
